
Microsoft Visual Studio Solution File, Format Version 12.00
# Visual Studio 15
VisualStudioVersion = 15.0.28010.2026
MinimumVisualStudioVersion = 10.0.40219.1
Project("{FAE04EC0-301F-11D3-BF4B-00C04F79EFBC}") = "VehicleDatabase", "VehicleDatabase\VehicleDatabase.csproj", "{B27780B3-6F13-4188-B4C6-910BA934755E}"
EndProject
Global
	GlobalSection(SolutionConfigurationPlatforms) = preSolution
		Debug|Any CPU = Debug|Any CPU
		Release|Any CPU = Release|Any CPU
	EndGlobalSection
	GlobalSection(ProjectConfigurationPlatforms) = postSolution
		{B27780B3-6F13-4188-B4C6-910BA934755E}.Debug|Any CPU.ActiveCfg = Debug|Any CPU
		{B27780B3-6F13-4188-B4C6-910BA934755E}.Debug|Any CPU.Build.0 = Debug|Any CPU
		{B27780B3-6F13-4188-B4C6-910BA934755E}.Release|Any CPU.ActiveCfg = Release|Any CPU
		{B27780B3-6F13-4188-B4C6-910BA934755E}.Release|Any CPU.Build.0 = Release|Any CPU
	EndGlobalSection
	GlobalSection(SolutionProperties) = preSolution
		HideSolutionNode = FALSE
	EndGlobalSection
	GlobalSection(ExtensibilityGlobals) = postSolution
		SolutionGuid = {CD85EF94-5F5A-4B83-95E4-675B07C67204}
	EndGlobalSection
EndGlobal
